
Microsoft Visual Studio Solution File, Format Version 12.00
# Visual Studio Version 17
VisualStudioVersion = 17.8.34322.80
MinimumVisualStudioVersion = 10.0.40219.1
Project("{FAE04EC0-301F-11D3-BF4B-00C04F79EFBC}") = "FriendFace", "FriendFace.csproj", "{FDCF11D1-2D87-45B5-8827-874CCA97E102}"
EndProject
Global
	GlobalSection(SolutionConfigurationPlatforms) = preSolution
		Debug|Any CPU = Debug|Any CPU
		Release|Any CPU = Release|Any CPU
	EndGlobalSection
	GlobalSection(ProjectConfigurationPlatforms) = postSolution
		{FDCF11D1-2D87-45B5-8827-874CCA97E102}.Debug|Any CPU.ActiveCfg = Debug|Any CPU
		{FDCF11D1-2D87-45B5-8827-874CCA97E102}.Debug|Any CPU.Build.0 = Debug|Any CPU
		{FDCF11D1-2D87-45B5-8827-874CCA97E102}.Release|Any CPU.ActiveCfg = Release|Any CPU
		{FDCF11D1-2D87-45B5-8827-874CCA97E102}.Release|Any CPU.Build.0 = Release|Any CPU
	EndGlobalSection
	GlobalSection(SolutionProperties) = preSolution
		HideSolutionNode = FALSE
	EndGlobalSection
	GlobalSection(ExtensibilityGlobals) = postSolution
		SolutionGuid = {F7138F1A-8449-4150-A551-46DED78BA03D}
	EndGlobalSection
EndGlobal
